// !$*UTF8*$!
{
	archiveVersion = 1;
	classes = {
	};
	objectVersion = 50;
	objects = {

/* Begin PBXBuildFile section */
		A77D66F0259830FE00EBD1E1 /* AppDelegate.swift in Sources */ = {isa = PBXBuildFile; fileRef = A77D66EF259830FE00EBD1E1 /* AppDelegate.swift */; };
		A77D66F2259830FE00EBD1E1 /* SceneDelegate.swift in Sources */ = {isa = PBXBuildFile; fileRef = A77D66F1259830FE00EBD1E1 /* SceneDelegate.swift */; };
		A77D66F4259830FE00EBD1E1 /* WeatherViewController.swift in Sources */ = {isa = PBXBuildFile; fileRef = A77D66F3259830FE00EBD1E1 /* WeatherViewController.swift */; };
		A77D66F7259830FE00EBD1E1 /* Main.storyboard in Resources */ = {isa = PBXBuildFile; fileRef = A77D66F5259830FE00EBD1E1 /* Main.storyboard */; };
		A77D66F92598310300EBD1E1 /* Assets.xcassets in Resources */ = {isa = PBXBuildFile; fileRef = A77D66F82598310300EBD1E1 /* Assets.xcassets */; };
		A77D66FC2598310300EBD1E1 /* LaunchScreen.storyboard in Resources */ = {isa = PBXBuildFile; fileRef = A77D66FA2598310300EBD1E1 /* LaunchScreen.storyboard */; };
		A77D671C2598D25B00EBD1E1 /* WeatherManager.swift in Sources */ = {isa = PBXBuildFile; fileRef = A77D671B2598D25B00EBD1E1 /* WeatherManager.swift */; };
		A77D67202598D27700EBD1E1 /* WeatherAPI.swift in Sources */ = {isa = PBXBuildFile; fileRef = A77D671F2598D27700EBD1E1 /* WeatherAPI.swift */; };
		A77D67232598D29B00EBD1E1 /* WeatherModel.swift in Sources */ = {isa = PBXBuildFile; fileRef = A77D67222598D29B00EBD1E1 /* WeatherModel.swift */; };
		A77D672C2598D6CC00EBD1E1 /* String.swift in Sources */ = {isa = PBXBuildFile; fileRef = A77D672B2598D6CC00EBD1E1 /* String.swift */; };
/* End PBXBuildFile section */

/* Begin PBXFileReference section */
		A77D66EC259830FE00EBD1E1 /* WeatherApp.app */ = {isa = PBXFileReference; explicitFileType = wrapper.application; includeInIndex = 0; path = WeatherApp.app; sourceTree = BUILT_PRODUCTS_DIR; };
		A77D66EF259830FE00EBD1E1 /* AppDelegate.swift */ = {isa = PBXFileReference; lastKnownFileType = sourcecode.swift; path = AppDelegate.swift; sourceTree = "<group>"; };
		A77D66F1259830FE00EBD1E1 /* SceneDelegate.swift */ = {isa = PBXFileReference; lastKnownFileType = sourcecode.swift; path = SceneDelegate.swift; sourceTree = "<group>"; };
		A77D66F3259830FE00EBD1E1 /* WeatherViewController.swift */ = {isa = PBXFileReference; lastKnownFileType = sourcecode.swift; path = WeatherViewController.swift; sourceTree = "<group>"; };
		A77D66F6259830FE00EBD1E1 /* Base */ = {isa = PBXFileReference; lastKnownFileType = file.storyboard; name = Base; path = Base.lproj/Main.storyboard; sourceTree = "<group>"; };
		A77D66F82598310300EBD1E1 /* Assets.xcassets */ = {isa = PBXFileReference; lastKnownFileType = folder.assetcatalog; path = Assets.xcassets; sourceTree = "<group>"; };
		A77D66FB2598310300EBD1E1 /* Base */ = {isa = PBXFileReference; lastKnownFileType = file.storyboard; name = Base; path = Base.lproj/LaunchScreen.storyboard; sourceTree = "<group>"; };
		A77D66FD2598310300EBD1E1 /* Info.plist */ = {isa = PBXFileReference; lastKnownFileType = text.plist.xml; path = Info.plist; sourceTree = "<group>"; };
		A77D671B2598D25B00EBD1E1 /* WeatherManager.swift */ = {isa = PBXFileReference; lastKnownFileType = sourcecode.swift; path = WeatherManager.swift; sourceTree = "<group>"; };
		A77D671F2598D27700EBD1E1 /* WeatherAPI.swift */ = {isa = PBXFileReference; lastKnownFileType = sourcecode.swift; path = WeatherAPI.swift; sourceTree = "<group>"; };
		A77D67222598D29B00EBD1E1 /* WeatherModel.swift */ = {isa = PBXFileReference; lastKnownFileType = sourcecode.swift; path = WeatherModel.swift; sourceTree = "<group>"; };
		A77D672B2598D6CC00EBD1E1 /* String.swift */ = {isa = PBXFileReference; lastKnownFileType = sourcecode.swift; path = String.swift; sourceTree = "<group>"; };
/* End PBXFileReference section */

/* Begin PBXFrameworksBuildPhase section */
		A77D66E9259830FE00EBD1E1 /* Frameworks */ = {
			isa = PBXFrameworksBuildPhase;
			buildActionMask = 2147483647;
			files = (
			);
			runOnlyForDeploymentPostprocessing = 0;
		};
/* End PBXFrameworksBuildPhase section */

/* Begin PBXGroup section */
		A77D66E3259830FE00EBD1E1 = {
			isa = PBXGroup;
			children = (
				A77D66EE259830FE00EBD1E1 /* WeatherApp */,
				A77D66ED259830FE00EBD1E1 /* Products */,
			);
			sourceTree = "<group>";
		};
		A77D66ED259830FE00EBD1E1 /* Products */ = {
			isa = PBXGroup;
			children = (
				A77D66EC259830FE00EBD1E1 /* WeatherApp.app */,
			);
			name = Products;
			sourceTree = "<group>";
		};
		A77D66EE259830FE00EBD1E1 /* WeatherApp */ = {
			isa = PBXGroup;
			children = (
				A77D67072598314800EBD1E1 /* Model */,
				A77D67062598312F00EBD1E1 /* View */,
				A77D67182598D1CB00EBD1E1 /* Controller */,
				A77D67252598D37E00EBD1E1 /* Extensions */,
				A77D66EF259830FE00EBD1E1 /* AppDelegate.swift */,
				A77D66F1259830FE00EBD1E1 /* SceneDelegate.swift */,
				A77D66F82598310300EBD1E1 /* Assets.xcassets */,
				A77D66FD2598310300EBD1E1 /* Info.plist */,
			);
			path = WeatherApp;
			sourceTree = "<group>";
		};
		A77D67062598312F00EBD1E1 /* View */ = {
			isa = PBXGroup;
			children = (
				A77D66F5259830FE00EBD1E1 /* Main.storyboard */,
				A77D66FA2598310300EBD1E1 /* LaunchScreen.storyboard */,
			);
			path = View;
			sourceTree = "<group>";
		};
		A77D67072598314800EBD1E1 /* Model */ = {
			isa = PBXGroup;
			children = (
				A77D671B2598D25B00EBD1E1 /* WeatherManager.swift */,
				A77D671F2598D27700EBD1E1 /* WeatherAPI.swift */,
				A77D67222598D29B00EBD1E1 /* WeatherModel.swift */,
			);
			path = Model;
			sourceTree = "<group>";
		};
		A77D67182598D1CB00EBD1E1 /* Controller */ = {
			isa = PBXGroup;
			children = (
				A77D66F3259830FE00EBD1E1 /* WeatherViewController.swift */,
			);
			path = Controller;
			sourceTree = "<group>";
		};
		A77D67252598D37E00EBD1E1 /* Extensions */ = {
			isa = PBXGroup;
			children = (
				A77D672B2598D6CC00EBD1E1 /* String.swift */,
			);
			path = Extensions;
			sourceTree = "<group>";
		};
/* End PBXGroup section */

/* Begin PBXNativeTarget section */
		A77D66EB259830FE00EBD1E1 /* WeatherApp */ = {
			isa = PBXNativeTarget;
			buildConfigurationList = A77D67002598310300EBD1E1 /* Build configuration list for PBXNativeTarget "WeatherApp" */;
			buildPhases = (
				A77D66E8259830FE00EBD1E1 /* Sources */,
				A77D66E9259830FE00EBD1E1 /* Frameworks */,
				A77D66EA259830FE00EBD1E1 /* Resources */,
			);
			buildRules = (
			);
			dependencies = (
			);
			name = WeatherApp;
			productName = WeatherApp;
			productReference = A77D66EC259830FE00EBD1E1 /* WeatherApp.app */;
			productType = "com.apple.product-type.application";
		};
/* End PBXNativeTarget section */

/* Begin PBXProject section */
		A77D66E4259830FE00EBD1E1 /* Project object */ = {
			isa = PBXProject;
			attributes = {
				LastSwiftUpdateCheck = 1230;
				LastUpgradeCheck = 1230;
				TargetAttributes = {
					A77D66EB259830FE00EBD1E1 = {
						CreatedOnToolsVersion = 12.3;
					};
				};
			};
			buildConfigurationList = A77D66E7259830FE00EBD1E1 /* Build configuration list for PBXProject "WeatherApp" */;
			compatibilityVersion = "Xcode 9.3";
			developmentRegion = en;
			hasScannedForEncodings = 0;
			knownRegions = (
				en,
				Base,
			);
			mainGroup = A77D66E3259830FE00EBD1E1;
			productRefGroup = A77D66ED259830FE00EBD1E1 /* Products */;
			projectDirPath = "";
			projectRoot = "";
			targets = (
				A77D66EB259830FE00EBD1E1 /* WeatherApp */,
			);
		};
/* End PBXProject section */

/* Begin PBXResourcesBuildPhase section */
		A77D66EA259830FE00EBD1E1 /* Resources */ = {
			isa = PBXResourcesBuildPhase;
			buildActionMask = 2147483647;
			files = (
				A77D66FC2598310300EBD1E1 /* LaunchScreen.storyboard in Resources */,
				A77D66F92598310300EBD1E1 /* Assets.xcassets in Resources */,
				A77D66F7259830FE00EBD1E1 /* Main.storyboard in Resources */,
			);
			runOnlyForDeploymentPostprocessing = 0;
		};
/* End PBXResourcesBuildPhase section */

/* Begin PBXSourcesBuildPhase section */
		A77D66E8259830FE00EBD1E1 /* Sources */ = {
			isa = PBXSourcesBuildPhase;
			buildActionMask = 2147483647;
			files = (
				A77D66F4259830FE00EBD1E1 /* WeatherViewController.swift in Sources */,
				A77D66F0259830FE00EBD1E1 /* AppDelegate.swift in Sources */,
				A77D67202598D27700EBD1E1 /* WeatherAPI.swift in Sources */,
				A77D671C2598D25B00EBD1E1 /* WeatherManager.swift in Sources */,
				A77D672C2598D6CC00EBD1E1 /* String.swift in Sources */,
				A77D67232598D29B00EBD1E1 /* WeatherModel.swift in Sources */,
				A77D66F2259830FE00EBD1E1 /* SceneDelegate.swift in Sources */,
			);
			runOnlyForDeploymentPostprocessing = 0;
		};
/* End PBXSourcesBuildPhase section */

/* Begin PBXVariantGroup section */
		A77D66F5259830FE00EBD1E1 /* Main.storyboard */ = {
			isa = PBXVariantGroup;
			children = (
				A77D66F6259830FE00EBD1E1 /* Base */,
			);
			name = Main.storyboard;
			sourceTree = "<group>";
		};
		A77D66FA2598310300EBD1E1 /* LaunchScreen.storyboard */ = {
			isa = PBXVariantGroup;
			children = (
				A77D66FB2598310300EBD1E1 /* Base */,
			);
			name = LaunchScreen.storyboard;
			sourceTree = "<group>";
		};
/* End PBXVariantGroup section */

/* Begin XCBuildConfiguration section */
		A77D66FE2598310300EBD1E1 /* Debug */ = {
			isa = XCBuildConfiguration;
			buildSettings = {
				ALWAYS_SEARCH_USER_PATHS = NO;
				CLANG_ANALYZER_NONNULL = YES;
				CLANG_ANALYZER_NUMBER_OBJECT_CONVERSION = YES_AGGRESSIVE;
				CLANG_CXX_LANGUAGE_STANDARD = "gnu++14";
				CLANG_CXX_LIBRARY = "libc++";
				CLANG_ENABLE_MODULES = YES;
				CLANG_ENABLE_OBJC_ARC = YES;
				CLANG_ENABLE_OBJC_WEAK = YES;
				CLANG_WARN_BLOCK_CAPTURE_AUTORELEASING = YES;
				CLANG_WARN_BOOL_CONVERSION = YES;
				CLANG_WARN_COMMA = YES;
				CLANG_WARN_CONSTANT_CONVERSION = YES;
				CLANG_WARN_DEPRECATED_OBJC_IMPLEMENTATIONS = YES;
				CLANG_WARN_DIRECT_OBJC_ISA_USAGE = YES_ERROR;
				CLANG_WARN_DOCUMENTATION_COMMENTS = YES;
				CLANG_WARN_EMPTY_BODY = YES;
				CLANG_WARN_ENUM_CONVERSION = YES;
				CLANG_WARN_INFINITE_RECURSION = YES;
				CLANG_WARN_INT_CONVERSION = YES;
				CLANG_WARN_NON_LITERAL_NULL_CONVERSION = YES;
				CLANG_WARN_OBJC_IMPLICIT_RETAIN_SELF = YES;
				CLANG_WARN_OBJC_LITERAL_CONVERSION = YES;
				CLANG_WARN_OBJC_ROOT_CLASS = YES_ERROR;
				CLANG_WARN_QUOTED_INCLUDE_IN_FRAMEWORK_HEADER = YES;
				CLANG_WARN_RANGE_LOOP_ANALYSIS = YES;
				CLANG_WARN_STRICT_PROTOTYPES = YES;
				CLANG_WARN_SUSPICIOUS_MOVE = YES;
				CLANG_WARN_UNGUARDED_AVAILABILITY = YES_AGGRESSIVE;
				CLANG_WARN_UNREACHABLE_CODE = YES;
				CLANG_WARN__DUPLICATE_METHOD_MATCH = YES;
				COPY_PHASE_STRIP = NO;
				DEBUG_INFORMATION_FORMAT = dwarf;
				ENABLE_STRICT_OBJC_MSGSEND = YES;
				ENABLE_TESTABILITY = YES;
				GCC_C_LANGUAGE_STANDARD = gnu11;
				GCC_DYNAMIC_NO_PIC = NO;
				GCC_NO_COMMON_BLOCKS = YES;
				GCC_OPTIMIZATION_LEVEL = 0;
				GCC_PREPROCESSOR_DEFINITIONS = (
					"DEBUG=1",
					"$(inherited)",
				);
				GCC_WARN_64_TO_32_BIT_CONVERSION = YES;
				GCC_WARN_ABOUT_RETURN_TYPE = YES_ERROR;
				GCC_WARN_UNDECLARED_SELECTOR = YES;
				GCC_WARN_UNINITIALIZED_AUTOS = YES_AGGRESSIVE;
				GCC_WARN_UNUSED_FUNCTION = YES;
				GCC_WARN_UNUSED_VARIABLE = YES;
				INFOPLIST_FILE = WeatherApp/Info.plist;
				IPHONEOS_DEPLOYMENT_TARGET = 14.2;
				MTL_ENABLE_DEBUG_INFO = INCLUDE_SOURCE;
				MTL_FAST_MATH = YES;
				ONLY_ACTIVE_ARCH = YES;
				SDKROOT = iphoneos;
				SWIFT_ACTIVE_COMPILATION_CONDITIONS = DEBUG;
				SWIFT_OPTIMIZATION_LEVEL = "-Onone";
			};
			name = Debug;
		};
		A77D66FF2598310300EBD1E1 /* Release */ = {
			isa = XCBuildConfiguration;
			buildSettings = {
				ALWAYS_SEARCH_USER_PATHS = NO;
				CLANG_ANALYZER_NONNULL = YES;
				CLANG_ANALYZER_NUMBER_OBJECT_CONVERSION = YES_AGGRESSIVE;
				CLANG_CXX_LANGUAGE_STANDARD = "gnu++14";
				CLANG_CXX_LIBRARY = "libc++";
				CLANG_ENABLE_MODULES = YES;
				CLANG_ENABLE_OBJC_ARC = YES;
				CLANG_ENABLE_OBJC_WEAK = YES;
				CLANG_WARN_BLOCK_CAPTURE_AUTORELEASING = YES;
				CLANG_WARN_BOOL_CONVERSION = YES;
				CLANG_WARN_COMMA = YES;
				CLANG_WARN_CONSTANT_CONVERSION = YES;
				CLANG_WARN_DEPRECATED_OBJC_IMPLEMENTATIONS = YES;
				CLANG_WARN_DIRECT_OBJC_ISA_USAGE = YES_ERROR;
				CLANG_WARN_DOCUMENTATION_COMMENTS = YES;
				CLANG_WARN_EMPTY_BODY = YES;
				CLANG_WARN_ENUM_CONVERSION = YES;
				CLANG_WARN_INFINITE_RECURSION = YES;
				CLANG_WARN_INT_CONVERSION = YES;
				CLANG_WARN_NON_LITERAL_NULL_CONVERSION = YES;
				CLANG_WARN_OBJC_IMPLICIT_RETAIN_SELF = YES;
				CLANG_WARN_OBJC_LITERAL_CONVERSION = YES;
				CLANG_WARN_OBJC_ROOT_CLASS = YES_ERROR;
				CLANG_WARN_QUOTED_INCLUDE_IN_FRAMEWORK_HEADER = YES;
				CLANG_WARN_RANGE_LOOP_ANALYSIS = YES;
				CLANG_WARN_STRICT_PROTOTYPES = YES;
				CLANG_WARN_SUSPICIOUS_MOVE = YES;
				CLANG_WARN_UNGUARDED_AVAILABILITY = YES_AGGRESSIVE;
				CLANG_WARN_UNREACHABLE_CODE = YES;
				CLANG_WARN__DUPLICATE_METHOD_MATCH = YES;
				COPY_PHASE_STRIP = NO;
				DEBUG_INFORMATION_FORMAT = "dwarf-with-dsym";
				ENABLE_NS_ASSERTIONS = NO;
				ENABLE_STRICT_OBJC_MSGSEND = YES;
				GCC_C_LANGUAGE_STANDARD = gnu11;
				GCC_NO_COMMON_BLOCKS = YES;
				GCC_WARN_64_TO_32_BIT_CONVERSION = YES;
				GCC_WARN_ABOUT_RETURN_TYPE = YES_ERROR;
				GCC_WARN_UNDECLARED_SELECTOR = YES;
				GCC_WARN_UNINITIALIZED_AUTOS = YES_AGGRESSIVE;
				GCC_WARN_UNUSED_FUNCTION = YES;
				GCC_WARN_UNUSED_VARIABLE = YES;
				INFOPLIST_FILE = WeatherApp/Info.plist;
				IPHONEOS_DEPLOYMENT_TARGET = 14.2;
				MTL_ENABLE_DEBUG_INFO = NO;
				MTL_FAST_MATH = YES;
				SDKROOT = iphoneos;
				SWIFT_COMPILATION_MODE = wholemodule;
				SWIFT_OPTIMIZATION_LEVEL = "-O";
				VALIDATE_PRODUCT = YES;
			};
			name = Release;
		};
		A77D67012598310300EBD1E1 /* Debug */ = {
			isa = XCBuildConfiguration;
			buildSettings = {
				ASSETCATALOG_COMPILER_APPICON_NAME = AppIcon;
				ASSETCATALOG_COMPILER_GLOBAL_ACCENT_COLOR_NAME = AccentColor;
				CODE_SIGN_STYLE = Automatic;
				CURRENT_PROJECT_VERSION = 1.0;
				DEVELOPMENT_TEAM = EMZ8N9RRTM;
				INFOPLIST_FILE = WeatherApp/Info.plist;
				IPHONEOS_DEPLOYMENT_TARGET = 14.2;
				LD_RUNPATH_SEARCH_PATHS = (
					"$(inherited)",
					"@executable_path/Frameworks",
				);
				MARKETING_VERSION = 1.0;
				PRODUCT_BUNDLE_IDENTIFIER = weatherapp.WeatherAppByStarkovGeorge;
				PRODUCT_NAME = "$(TARGET_NAME)";
				SWIFT_VERSION = 5.0;
				TARGETED_DEVICE_FAMILY = "1,2";
			};
			name = Debug;
		};
		A77D67022598310300EBD1E1 /* Release */ = {
			isa = XCBuildConfiguration;
			buildSettings = {
				ASSETCATALOG_COMPILER_APPICON_NAME = AppIcon;
				ASSETCATALOG_COMPILER_GLOBAL_ACCENT_COLOR_NAME = AccentColor;
				CODE_SIGN_STYLE = Automatic;
				CURRENT_PROJECT_VERSION = 1.0;
				DEVELOPMENT_TEAM = EMZ8N9RRTM;
				INFOPLIST_FILE = WeatherApp/Info.plist;
				IPHONEOS_DEPLOYMENT_TARGET = 14.2;
				LD_RUNPATH_SEARCH_PATHS = (
					"$(inherited)",
					"@executable_path/Frameworks",
				);
				MARKETING_VERSION = 1.0;
				PRODUCT_BUNDLE_IDENTIFIER = weatherapp.WeatherAppByStarkovGeorge;
				PRODUCT_NAME = "$(TARGET_NAME)";
				SWIFT_VERSION = 5.0;
				TARGETED_DEVICE_FAMILY = "1,2";
			};
			name = Release;
		};
/* End XCBuildConfiguration section */

/* Begin XCConfigurationList section */
		A77D66E7259830FE00EBD1E1 /* Build configuration list for PBXProject "WeatherApp" */ = {
			isa = XCConfigurationList;
			buildConfigurations = (
				A77D66FE2598310300EBD1E1 /* Debug */,
				A77D66FF2598310300EBD1E1 /* Release */,
			);
			defaultConfigurationIsVisible = 0;
			defaultConfigurationName = Release;
		};
		A77D67002598310300EBD1E1 /* Build configuration list for PBXNativeTarget "WeatherApp" */ = {
			isa = XCConfigurationList;
			buildConfigurations = (
				A77D67012598310300EBD1E1 /* Debug */,
				A77D67022598310300EBD1E1 /* Release */,
			);
			defaultConfigurationIsVisible = 0;
			defaultConfigurationName = Release;
		};
/* End XCConfigurationList section */
	};
	rootObject = A77D66E4259830FE00EBD1E1 /* Project object */;
}
